
Microsoft Visual Studio Solution File, Format Version 12.00
# Visual Studio 2013
VisualStudioVersion = 12.0.31101.0
MinimumVisualStudioVersion = 10.0.40219.1
Project("{8BC9CEB8-8B4A-11D0-8D11-00A0C91BC942}") = "iothub_client_sample_x509", "iothub_client_sample_x509.vcxproj", "{CE8A16FE-6DF9-4F51-B5B4-39853AF1E878}"
EndProject
Global
	GlobalSection(SolutionConfigurationPlatforms) = preSolution
		Debug|TORADEX_CE800 = Debug|TORADEX_CE800
		Release|TORADEX_CE800 = Release|TORADEX_CE800
	EndGlobalSection
	GlobalSection(ProjectConfigurationPlatforms) = postSolution
		{CE8A16FE-6DF9-4F51-B5B4-39853AF1E878}.Debug|TORADEX_CE800.ActiveCfg = Debug|TORADEX_CE800
		{CE8A16FE-6DF9-4F51-B5B4-39853AF1E878}.Debug|TORADEX_CE800.Build.0 = Debug|TORADEX_CE800
		{CE8A16FE-6DF9-4F51-B5B4-39853AF1E878}.Release|TORADEX_CE800.ActiveCfg = Release|TORADEX_CE800
		{CE8A16FE-6DF9-4F51-B5B4-39853AF1E878}.Release|TORADEX_CE800.Build.0 = Release|TORADEX_CE800
	EndGlobalSection
	GlobalSection(SolutionProperties) = preSolution
		HideSolutionNode = FALSE
	EndGlobalSection
EndGlobal
