
Microsoft Visual Studio Solution File, Format Version 12.00
# Visual Studio 14
VisualStudioVersion = 14.0.24720.0
MinimumVisualStudioVersion = 10.0.40219.1
Project("{8BC9CEB8-8B4A-11D0-8D11-00A0C91BC942}") = "iothub_client_python", "..\iothub-client-python\windows\iothub_client_python.vcxproj", "{F8F17825-644E-4EC3-AA57-75C5CFFFD0F2}"
EndProject
Project("{888888A0-9F3D-457C-B088-3A5042F75D52}") = "iothub_client_sample", "iothub_client_sample.pyproj", "{DEDBF980-C354-49AC-98A0-BF3B0FE7C032}"
EndProject
Global
	GlobalSection(SolutionConfigurationPlatforms) = preSolution
		Debug|Any CPU = Debug|Any CPU
		Debug|x64 = Debug|x64
		Debug|x86 = Debug|x86
		Release|Any CPU = Release|Any CPU
		Release|x64 = Release|x64
		Release|x86 = Release|x86
	EndGlobalSection
	GlobalSection(ProjectConfigurationPlatforms) = postSolution
		{F8F17825-644E-4EC3-AA57-75C5CFFFD0F2}.Debug|Any CPU.ActiveCfg = Debug|Win32
		{F8F17825-644E-4EC3-AA57-75C5CFFFD0F2}.Debug|x64.ActiveCfg = Debug|x64
		{F8F17825-644E-4EC3-AA57-75C5CFFFD0F2}.Debug|x64.Build.0 = Debug|x64
		{F8F17825-644E-4EC3-AA57-75C5CFFFD0F2}.Debug|x86.ActiveCfg = Debug|Win32
		{F8F17825-644E-4EC3-AA57-75C5CFFFD0F2}.Debug|x86.Build.0 = Debug|Win32
		{F8F17825-644E-4EC3-AA57-75C5CFFFD0F2}.Release|Any CPU.ActiveCfg = Release|Win32
		{F8F17825-644E-4EC3-AA57-75C5CFFFD0F2}.Release|x64.ActiveCfg = Release|x64
		{F8F17825-644E-4EC3-AA57-75C5CFFFD0F2}.Release|x64.Build.0 = Release|x64
		{F8F17825-644E-4EC3-AA57-75C5CFFFD0F2}.Release|x86.ActiveCfg = Release|Win32
		{F8F17825-644E-4EC3-AA57-75C5CFFFD0F2}.Release|x86.Build.0 = Release|Win32
		{DEDBF980-C354-49AC-98A0-BF3B0FE7C032}.Debug|Any CPU.ActiveCfg = Debug|Any CPU
		{DEDBF980-C354-49AC-98A0-BF3B0FE7C032}.Debug|x64.ActiveCfg = Debug|Any CPU
		{DEDBF980-C354-49AC-98A0-BF3B0FE7C032}.Debug|x86.ActiveCfg = Debug|Any CPU
		{DEDBF980-C354-49AC-98A0-BF3B0FE7C032}.Release|Any CPU.ActiveCfg = Release|Any CPU
		{DEDBF980-C354-49AC-98A0-BF3B0FE7C032}.Release|x64.ActiveCfg = Release|Any CPU
		{DEDBF980-C354-49AC-98A0-BF3B0FE7C032}.Release|x86.ActiveCfg = Release|Any CPU
	EndGlobalSection
	GlobalSection(SolutionProperties) = preSolution
		HideSolutionNode = FALSE
	EndGlobalSection
EndGlobal
