
Microsoft Visual Studio Solution File, Format Version 12.00
# Visual Studio 14
VisualStudioVersion = 14.0.23107.0
MinimumVisualStudioVersion = 10.0.40219.1
Project("{FAE04EC0-301F-11D3-BF4B-00C04F79EFBC}") = "AMQPLite", "AMQPLite\AMQPLite.csproj", "{91F74032-0AEE-415A-916B-302F51875E9B}"
EndProject
Project("{FAE04EC0-301F-11D3-BF4B-00C04F79EFBC}") = "UWPIoTHubSDK", "UWPIoTHubSDK\UWPIoTHubSDK.csproj", "{61B6FC01-60A3-4F0D-9B27-039A1CF0A4EF}"
	ProjectSection(ProjectDependencies) = postProject
		{91F74032-0AEE-415A-916B-302F51875E9B} = {91F74032-0AEE-415A-916B-302F51875E9B}
	EndProjectSection
EndProject
Project("{FAE04EC0-301F-11D3-BF4B-00C04F79EFBC}") = "TestUWPIoTHubSDK", "TestUWPIoTSDK\TestUWPIoTHubSDK.csproj", "{20E3FD85-41E9-4F46-BAEF-0456056EA9CD}"
	ProjectSection(ProjectDependencies) = postProject
		{61B6FC01-60A3-4F0D-9B27-039A1CF0A4EF} = {61B6FC01-60A3-4F0D-9B27-039A1CF0A4EF}
		{91F74032-0AEE-415A-916B-302F51875E9B} = {91F74032-0AEE-415A-916B-302F51875E9B}
	EndProjectSection
EndProject
Global
	GlobalSection(SolutionConfigurationPlatforms) = preSolution
		Debug|Any CPU = Debug|Any CPU
		Debug|ARM = Debug|ARM
		Debug|x64 = Debug|x64
		Debug|x86 = Debug|x86
		Release|Any CPU = Release|Any CPU
		Release|ARM = Release|ARM
		Release|x64 = Release|x64
		Release|x86 = Release|x86
	EndGlobalSection
	GlobalSection(ProjectConfigurationPlatforms) = postSolution
		{91F74032-0AEE-415A-916B-302F51875E9B}.Debug|Any CPU.ActiveCfg = Debug|x64
		{91F74032-0AEE-415A-916B-302F51875E9B}.Debug|Any CPU.Build.0 = Debug|x64
		{91F74032-0AEE-415A-916B-302F51875E9B}.Debug|ARM.ActiveCfg = Debug|x64
		{91F74032-0AEE-415A-916B-302F51875E9B}.Debug|ARM.Build.0 = Debug|x64
		{91F74032-0AEE-415A-916B-302F51875E9B}.Debug|x64.ActiveCfg = Debug|x64
		{91F74032-0AEE-415A-916B-302F51875E9B}.Debug|x64.Build.0 = Debug|x64
		{91F74032-0AEE-415A-916B-302F51875E9B}.Debug|x86.ActiveCfg = Debug|x64
		{91F74032-0AEE-415A-916B-302F51875E9B}.Debug|x86.Build.0 = Debug|x64
		{91F74032-0AEE-415A-916B-302F51875E9B}.Release|Any CPU.ActiveCfg = Debug|x64
		{91F74032-0AEE-415A-916B-302F51875E9B}.Release|Any CPU.Build.0 = Debug|x64
		{91F74032-0AEE-415A-916B-302F51875E9B}.Release|ARM.ActiveCfg = Debug|x64
		{91F74032-0AEE-415A-916B-302F51875E9B}.Release|ARM.Build.0 = Debug|x64
		{91F74032-0AEE-415A-916B-302F51875E9B}.Release|x64.ActiveCfg = Debug|x64
		{91F74032-0AEE-415A-916B-302F51875E9B}.Release|x64.Build.0 = Debug|x64
		{91F74032-0AEE-415A-916B-302F51875E9B}.Release|x86.ActiveCfg = Debug|x64
		{91F74032-0AEE-415A-916B-302F51875E9B}.Release|x86.Build.0 = Debug|x64
		{61B6FC01-60A3-4F0D-9B27-039A1CF0A4EF}.Debug|Any CPU.ActiveCfg = Debug|x64
		{61B6FC01-60A3-4F0D-9B27-039A1CF0A4EF}.Debug|Any CPU.Build.0 = Debug|x64
		{61B6FC01-60A3-4F0D-9B27-039A1CF0A4EF}.Debug|ARM.ActiveCfg = Debug|x64
		{61B6FC01-60A3-4F0D-9B27-039A1CF0A4EF}.Debug|ARM.Build.0 = Debug|x64
		{61B6FC01-60A3-4F0D-9B27-039A1CF0A4EF}.Debug|x64.ActiveCfg = Debug|x64
		{61B6FC01-60A3-4F0D-9B27-039A1CF0A4EF}.Debug|x64.Build.0 = Debug|x64
		{61B6FC01-60A3-4F0D-9B27-039A1CF0A4EF}.Debug|x86.ActiveCfg = Debug|x64
		{61B6FC01-60A3-4F0D-9B27-039A1CF0A4EF}.Debug|x86.Build.0 = Debug|x64
		{61B6FC01-60A3-4F0D-9B27-039A1CF0A4EF}.Release|Any CPU.ActiveCfg = Debug|x64
		{61B6FC01-60A3-4F0D-9B27-039A1CF0A4EF}.Release|Any CPU.Build.0 = Debug|x64
		{61B6FC01-60A3-4F0D-9B27-039A1CF0A4EF}.Release|ARM.ActiveCfg = Debug|x64
		{61B6FC01-60A3-4F0D-9B27-039A1CF0A4EF}.Release|ARM.Build.0 = Debug|x64
		{61B6FC01-60A3-4F0D-9B27-039A1CF0A4EF}.Release|x64.ActiveCfg = Debug|x64
		{61B6FC01-60A3-4F0D-9B27-039A1CF0A4EF}.Release|x64.Build.0 = Debug|x64
		{61B6FC01-60A3-4F0D-9B27-039A1CF0A4EF}.Release|x86.ActiveCfg = Debug|x64
		{61B6FC01-60A3-4F0D-9B27-039A1CF0A4EF}.Release|x86.Build.0 = Debug|x64
		{20E3FD85-41E9-4F46-BAEF-0456056EA9CD}.Debug|Any CPU.ActiveCfg = Debug|x64
		{20E3FD85-41E9-4F46-BAEF-0456056EA9CD}.Debug|Any CPU.Build.0 = Debug|x64
		{20E3FD85-41E9-4F46-BAEF-0456056EA9CD}.Debug|ARM.ActiveCfg = Debug|x64
		{20E3FD85-41E9-4F46-BAEF-0456056EA9CD}.Debug|ARM.Build.0 = Debug|x64
		{20E3FD85-41E9-4F46-BAEF-0456056EA9CD}.Debug|ARM.Deploy.0 = Debug|ARM
		{20E3FD85-41E9-4F46-BAEF-0456056EA9CD}.Debug|x64.ActiveCfg = Debug|x64
		{20E3FD85-41E9-4F46-BAEF-0456056EA9CD}.Debug|x64.Build.0 = Debug|x64
		{20E3FD85-41E9-4F46-BAEF-0456056EA9CD}.Debug|x64.Deploy.0 = Debug|x64
		{20E3FD85-41E9-4F46-BAEF-0456056EA9CD}.Debug|x86.ActiveCfg = Debug|x64
		{20E3FD85-41E9-4F46-BAEF-0456056EA9CD}.Debug|x86.Build.0 = Debug|x64
		{20E3FD85-41E9-4F46-BAEF-0456056EA9CD}.Debug|x86.Deploy.0 = Debug|x86
		{20E3FD85-41E9-4F46-BAEF-0456056EA9CD}.Release|Any CPU.ActiveCfg = Debug|x64
		{20E3FD85-41E9-4F46-BAEF-0456056EA9CD}.Release|Any CPU.Build.0 = Debug|x64
		{20E3FD85-41E9-4F46-BAEF-0456056EA9CD}.Release|ARM.ActiveCfg = Debug|x64
		{20E3FD85-41E9-4F46-BAEF-0456056EA9CD}.Release|ARM.Build.0 = Debug|x64
		{20E3FD85-41E9-4F46-BAEF-0456056EA9CD}.Release|ARM.Deploy.0 = Release|ARM
		{20E3FD85-41E9-4F46-BAEF-0456056EA9CD}.Release|x64.ActiveCfg = Debug|x64
		{20E3FD85-41E9-4F46-BAEF-0456056EA9CD}.Release|x64.Build.0 = Debug|x64
		{20E3FD85-41E9-4F46-BAEF-0456056EA9CD}.Release|x64.Deploy.0 = Release|x64
		{20E3FD85-41E9-4F46-BAEF-0456056EA9CD}.Release|x86.ActiveCfg = Debug|x64
		{20E3FD85-41E9-4F46-BAEF-0456056EA9CD}.Release|x86.Build.0 = Debug|x64
		{20E3FD85-41E9-4F46-BAEF-0456056EA9CD}.Release|x86.Deploy.0 = Release|x86
	EndGlobalSection
	GlobalSection(SolutionProperties) = preSolution
		HideSolutionNode = FALSE
	EndGlobalSection
EndGlobal
