
Microsoft Visual Studio Solution File, Format Version 12.00
# Visual Studio 14
VisualStudioVersion = 14.0.23107.0
MinimumVisualStudioVersion = 10.0.40219.1
Project("{FAE04EC0-301F-11D3-BF4B-00C04F79EFBC}") = "e2e_ss", "e2e_ss\e2e_ss.csproj", "{AF4F4CC9-E2B6-4382-9C15-39601D99686F}"
EndProject
Global
	GlobalSection(SolutionConfigurationPlatforms) = preSolution
		Debug|Any CPU = Debug|Any CPU
		Debug|x64 = Debug|x64
		Debug|x86 = Debug|x86
		Release_Delay_Sign|Any CPU = Release_Delay_Sign|Any CPU
		Release_Delay_Sign|x64 = Release_Delay_Sign|x64
		Release_Delay_Sign|x86 = Release_Delay_Sign|x86
		Release|Any CPU = Release|Any CPU
		Release|x64 = Release|x64
		Release|x86 = Release|x86
	EndGlobalSection
	GlobalSection(ProjectConfigurationPlatforms) = postSolution
		{AF4F4CC9-E2B6-4382-9C15-39601D99686F}.Debug|Any CPU.ActiveCfg = Debug|Any CPU
		{AF4F4CC9-E2B6-4382-9C15-39601D99686F}.Debug|Any CPU.Build.0 = Debug|Any CPU
		{AF4F4CC9-E2B6-4382-9C15-39601D99686F}.Debug|x64.ActiveCfg = Debug|Any CPU
		{AF4F4CC9-E2B6-4382-9C15-39601D99686F}.Debug|x64.Build.0 = Debug|Any CPU
		{AF4F4CC9-E2B6-4382-9C15-39601D99686F}.Debug|x86.ActiveCfg = Debug|Any CPU
		{AF4F4CC9-E2B6-4382-9C15-39601D99686F}.Debug|x86.Build.0 = Debug|Any CPU
		{AF4F4CC9-E2B6-4382-9C15-39601D99686F}.Release_Delay_Sign|Any CPU.ActiveCfg = Release|Any CPU
		{AF4F4CC9-E2B6-4382-9C15-39601D99686F}.Release_Delay_Sign|Any CPU.Build.0 = Release|Any CPU
		{AF4F4CC9-E2B6-4382-9C15-39601D99686F}.Release_Delay_Sign|x64.ActiveCfg = Release|Any CPU
		{AF4F4CC9-E2B6-4382-9C15-39601D99686F}.Release_Delay_Sign|x64.Build.0 = Release|Any CPU
		{AF4F4CC9-E2B6-4382-9C15-39601D99686F}.Release_Delay_Sign|x86.ActiveCfg = Release|Any CPU
		{AF4F4CC9-E2B6-4382-9C15-39601D99686F}.Release_Delay_Sign|x86.Build.0 = Release|Any CPU
		{AF4F4CC9-E2B6-4382-9C15-39601D99686F}.Release|Any CPU.ActiveCfg = Release|Any CPU
		{AF4F4CC9-E2B6-4382-9C15-39601D99686F}.Release|Any CPU.Build.0 = Release|Any CPU
		{AF4F4CC9-E2B6-4382-9C15-39601D99686F}.Release|x64.ActiveCfg = Release|Any CPU
		{AF4F4CC9-E2B6-4382-9C15-39601D99686F}.Release|x64.Build.0 = Release|Any CPU
		{AF4F4CC9-E2B6-4382-9C15-39601D99686F}.Release|x86.ActiveCfg = Release|Any CPU
		{AF4F4CC9-E2B6-4382-9C15-39601D99686F}.Release|x86.Build.0 = Release|Any CPU
	EndGlobalSection
	GlobalSection(SolutionProperties) = preSolution
		HideSolutionNode = FALSE
	EndGlobalSection
EndGlobal
