
Microsoft Visual Studio Solution File, Format Version 12.00
# Visual Studio 14
VisualStudioVersion = 14.0.25420.1
MinimumVisualStudioVersion = 10.0.40219.1
Project("{FAE04EC0-301F-11D3-BF4B-00C04F79EFBC}") = "Microsoft.Azure.Devices", "Microsoft.Azure.Devices\Microsoft.Azure.Devices.csproj", "{7FC2A03F-36FE-44C5-A1EF-5B1F11458350}"
EndProject
Project("{FAE04EC0-301F-11D3-BF4B-00C04F79EFBC}") = "Microsoft.Azure.Devices.Api.Test", "Microsoft.Azure.Devices\test\Microsoft.Azure.Devices.Api.Test\Microsoft.Azure.Devices.Api.Test.csproj", "{74A0E4B7-4A50-4665-A7A3-A217D06649D3}"
EndProject
Project("{2150E333-8FDC-42A3-9474-1A3956D46DE8}") = "test", "test", "{A722A278-A765-4C69-A2FF-898FFE2DBE17}"
EndProject
Project("{FAE04EC0-301F-11D3-BF4B-00C04F79EFBC}") = "Microsoft.Azure.Devices.Uwp", "Microsoft.Azure.Devices.Uwp\Microsoft.Azure.Devices.Uwp.csproj", "{8C408658-3797-4F57-9F37-DE1C086A0685}"
EndProject
Global
	GlobalSection(SolutionConfigurationPlatforms) = preSolution
		Debug|Any CPU = Debug|Any CPU
		Debug|ARM = Debug|ARM
		Debug|x64 = Debug|x64
		Debug|x86 = Debug|x86
		Release_Delay_Sign|Any CPU = Release_Delay_Sign|Any CPU
		Release_Delay_Sign|ARM = Release_Delay_Sign|ARM
		Release_Delay_Sign|x64 = Release_Delay_Sign|x64
		Release_Delay_Sign|x86 = Release_Delay_Sign|x86
		Release|Any CPU = Release|Any CPU
		Release|ARM = Release|ARM
		Release|x64 = Release|x64
		Release|x86 = Release|x86
	EndGlobalSection
	GlobalSection(ProjectConfigurationPlatforms) = postSolution
		{7FC2A03F-36FE-44C5-A1EF-5B1F11458350}.Debug|Any CPU.ActiveCfg = Debug|Any CPU
		{7FC2A03F-36FE-44C5-A1EF-5B1F11458350}.Debug|Any CPU.Build.0 = Debug|Any CPU
		{7FC2A03F-36FE-44C5-A1EF-5B1F11458350}.Debug|ARM.ActiveCfg = Debug|Any CPU
		{7FC2A03F-36FE-44C5-A1EF-5B1F11458350}.Debug|ARM.Build.0 = Debug|Any CPU
		{7FC2A03F-36FE-44C5-A1EF-5B1F11458350}.Debug|x64.ActiveCfg = Debug|Any CPU
		{7FC2A03F-36FE-44C5-A1EF-5B1F11458350}.Debug|x64.Build.0 = Debug|Any CPU
		{7FC2A03F-36FE-44C5-A1EF-5B1F11458350}.Debug|x86.ActiveCfg = Debug|Any CPU
		{7FC2A03F-36FE-44C5-A1EF-5B1F11458350}.Debug|x86.Build.0 = Debug|Any CPU
		{7FC2A03F-36FE-44C5-A1EF-5B1F11458350}.Release_Delay_Sign|Any CPU.ActiveCfg = Release_Delay_Sign|Any CPU
		{7FC2A03F-36FE-44C5-A1EF-5B1F11458350}.Release_Delay_Sign|Any CPU.Build.0 = Release_Delay_Sign|Any CPU
		{7FC2A03F-36FE-44C5-A1EF-5B1F11458350}.Release_Delay_Sign|ARM.ActiveCfg = Release_Delay_Sign|Any CPU
		{7FC2A03F-36FE-44C5-A1EF-5B1F11458350}.Release_Delay_Sign|ARM.Build.0 = Release_Delay_Sign|Any CPU
		{7FC2A03F-36FE-44C5-A1EF-5B1F11458350}.Release_Delay_Sign|x64.ActiveCfg = Release_Delay_Sign|Any CPU
		{7FC2A03F-36FE-44C5-A1EF-5B1F11458350}.Release_Delay_Sign|x64.Build.0 = Release_Delay_Sign|Any CPU
		{7FC2A03F-36FE-44C5-A1EF-5B1F11458350}.Release_Delay_Sign|x86.ActiveCfg = Release_Delay_Sign|Any CPU
		{7FC2A03F-36FE-44C5-A1EF-5B1F11458350}.Release_Delay_Sign|x86.Build.0 = Release_Delay_Sign|Any CPU
		{7FC2A03F-36FE-44C5-A1EF-5B1F11458350}.Release|Any CPU.ActiveCfg = Release|Any CPU
		{7FC2A03F-36FE-44C5-A1EF-5B1F11458350}.Release|Any CPU.Build.0 = Release|Any CPU
		{7FC2A03F-36FE-44C5-A1EF-5B1F11458350}.Release|ARM.ActiveCfg = Release|Any CPU
		{7FC2A03F-36FE-44C5-A1EF-5B1F11458350}.Release|ARM.Build.0 = Release|Any CPU
		{7FC2A03F-36FE-44C5-A1EF-5B1F11458350}.Release|x64.ActiveCfg = Release|Any CPU
		{7FC2A03F-36FE-44C5-A1EF-5B1F11458350}.Release|x64.Build.0 = Release|Any CPU
		{7FC2A03F-36FE-44C5-A1EF-5B1F11458350}.Release|x86.ActiveCfg = Release|Any CPU
		{7FC2A03F-36FE-44C5-A1EF-5B1F11458350}.Release|x86.Build.0 = Release|Any CPU
		{74A0E4B7-4A50-4665-A7A3-A217D06649D3}.Debug|Any CPU.ActiveCfg = Debug|Any CPU
		{74A0E4B7-4A50-4665-A7A3-A217D06649D3}.Debug|Any CPU.Build.0 = Debug|Any CPU
		{74A0E4B7-4A50-4665-A7A3-A217D06649D3}.Debug|ARM.ActiveCfg = Debug|Any CPU
		{74A0E4B7-4A50-4665-A7A3-A217D06649D3}.Debug|ARM.Build.0 = Debug|Any CPU
		{74A0E4B7-4A50-4665-A7A3-A217D06649D3}.Debug|x64.ActiveCfg = Debug|Any CPU
		{74A0E4B7-4A50-4665-A7A3-A217D06649D3}.Debug|x64.Build.0 = Debug|Any CPU
		{74A0E4B7-4A50-4665-A7A3-A217D06649D3}.Debug|x86.ActiveCfg = Debug|Any CPU
		{74A0E4B7-4A50-4665-A7A3-A217D06649D3}.Debug|x86.Build.0 = Debug|Any CPU
		{74A0E4B7-4A50-4665-A7A3-A217D06649D3}.Release_Delay_Sign|Any CPU.ActiveCfg = Release_Delay_Sign|Any CPU
		{74A0E4B7-4A50-4665-A7A3-A217D06649D3}.Release_Delay_Sign|ARM.ActiveCfg = Release_Delay_Sign|Any CPU
		{74A0E4B7-4A50-4665-A7A3-A217D06649D3}.Release_Delay_Sign|x64.ActiveCfg = Release_Delay_Sign|Any CPU
		{74A0E4B7-4A50-4665-A7A3-A217D06649D3}.Release_Delay_Sign|x64.Build.0 = Release_Delay_Sign|Any CPU
		{74A0E4B7-4A50-4665-A7A3-A217D06649D3}.Release_Delay_Sign|x86.ActiveCfg = Release_Delay_Sign|Any CPU
		{74A0E4B7-4A50-4665-A7A3-A217D06649D3}.Release|Any CPU.ActiveCfg = Release|Any CPU
		{74A0E4B7-4A50-4665-A7A3-A217D06649D3}.Release|Any CPU.Build.0 = Release|Any CPU
		{74A0E4B7-4A50-4665-A7A3-A217D06649D3}.Release|ARM.ActiveCfg = Release|Any CPU
		{74A0E4B7-4A50-4665-A7A3-A217D06649D3}.Release|ARM.Build.0 = Release|Any CPU
		{74A0E4B7-4A50-4665-A7A3-A217D06649D3}.Release|x64.ActiveCfg = Release|Any CPU
		{74A0E4B7-4A50-4665-A7A3-A217D06649D3}.Release|x64.Build.0 = Release|Any CPU
		{74A0E4B7-4A50-4665-A7A3-A217D06649D3}.Release|x86.ActiveCfg = Release|Any CPU
		{74A0E4B7-4A50-4665-A7A3-A217D06649D3}.Release|x86.Build.0 = Release|Any CPU
		{8C408658-3797-4F57-9F37-DE1C086A0685}.Debug|Any CPU.ActiveCfg = Debug|Any CPU
		{8C408658-3797-4F57-9F37-DE1C086A0685}.Debug|Any CPU.Build.0 = Debug|Any CPU
		{8C408658-3797-4F57-9F37-DE1C086A0685}.Debug|ARM.ActiveCfg = Debug|Any CPU
		{8C408658-3797-4F57-9F37-DE1C086A0685}.Debug|ARM.Build.0 = Debug|Any CPU
		{8C408658-3797-4F57-9F37-DE1C086A0685}.Debug|x64.ActiveCfg = Debug|Any CPU
		{8C408658-3797-4F57-9F37-DE1C086A0685}.Debug|x64.Build.0 = Debug|Any CPU
		{8C408658-3797-4F57-9F37-DE1C086A0685}.Debug|x86.ActiveCfg = Debug|Any CPU
		{8C408658-3797-4F57-9F37-DE1C086A0685}.Debug|x86.Build.0 = Debug|Any CPU
		{8C408658-3797-4F57-9F37-DE1C086A0685}.Release_Delay_Sign|Any CPU.ActiveCfg = Release_Delay_Sign|Any CPU
		{8C408658-3797-4F57-9F37-DE1C086A0685}.Release_Delay_Sign|Any CPU.Build.0 = Release_Delay_Sign|Any CPU
		{8C408658-3797-4F57-9F37-DE1C086A0685}.Release_Delay_Sign|ARM.ActiveCfg = Release_Delay_Sign|Any CPU
		{8C408658-3797-4F57-9F37-DE1C086A0685}.Release_Delay_Sign|ARM.Build.0 = Release_Delay_Sign|Any CPU
		{8C408658-3797-4F57-9F37-DE1C086A0685}.Release_Delay_Sign|x64.ActiveCfg = Release_Delay_Sign|Any CPU
		{8C408658-3797-4F57-9F37-DE1C086A0685}.Release_Delay_Sign|x64.Build.0 = Release_Delay_Sign|Any CPU
		{8C408658-3797-4F57-9F37-DE1C086A0685}.Release_Delay_Sign|x86.ActiveCfg = Release_Delay_Sign|Any CPU
		{8C408658-3797-4F57-9F37-DE1C086A0685}.Release_Delay_Sign|x86.Build.0 = Release_Delay_Sign|Any CPU
		{8C408658-3797-4F57-9F37-DE1C086A0685}.Release|Any CPU.ActiveCfg = Release|Any CPU
		{8C408658-3797-4F57-9F37-DE1C086A0685}.Release|Any CPU.Build.0 = Release|Any CPU
		{8C408658-3797-4F57-9F37-DE1C086A0685}.Release|ARM.ActiveCfg = Release|Any CPU
		{8C408658-3797-4F57-9F37-DE1C086A0685}.Release|ARM.Build.0 = Release|Any CPU
		{8C408658-3797-4F57-9F37-DE1C086A0685}.Release|x64.ActiveCfg = Release|Any CPU
		{8C408658-3797-4F57-9F37-DE1C086A0685}.Release|x64.Build.0 = Release|Any CPU
		{8C408658-3797-4F57-9F37-DE1C086A0685}.Release|x86.ActiveCfg = Release|Any CPU
		{8C408658-3797-4F57-9F37-DE1C086A0685}.Release|x86.Build.0 = Release|Any CPU
	EndGlobalSection
	GlobalSection(SolutionProperties) = preSolution
		HideSolutionNode = FALSE
	EndGlobalSection
	GlobalSection(NestedProjects) = preSolution
		{74A0E4B7-4A50-4665-A7A3-A217D06649D3} = {A722A278-A765-4C69-A2FF-898FFE2DBE17}
	EndGlobalSection
	GlobalSection(ExtensibilityGlobals) = postSolution
		EnterpriseLibraryConfigurationToolBinariesPathV6 = packages\EnterpriseLibrary.TransientFaultHandling.6.0.1304.0\lib\portable-net45+win+wp8
	EndGlobalSection
EndGlobal
