
Microsoft Visual Studio Solution File, Format Version 12.00
# Visual Studio 2013
VisualStudioVersion = 12.0.40629.0
MinimumVisualStudioVersion = 10.0.40219.1
Project("{FAE04EC0-301F-11D3-BF4B-00C04F79EFBC}") = "Microsoft.Azure.Devices.Client.Http.NetMF_43", "Microsoft.Azure.Devices.Client.Http.NetMF_43.csproj", "{F232909A-48EC-4E64-9D5D-46734E760ED3}"
EndProject
Project("{2150E333-8FDC-42A3-9474-1A3956D46DE8}") = "samples", "samples", "{9AE10DE2-9EDD-4D0C-BF33-FD91AA2DA248}"
EndProject
Project("{FAE04EC0-301F-11D3-BF4B-00C04F79EFBC}") = "MFDeviceClientHttpSample", "..\samples\MFDeviceClientHttpSample\MFDeviceClientHttpSample.csproj", "{7C9F3223-7B3D-4624-9406-4C76CDEBF6A3}"
EndProject
Global
	GlobalSection(SolutionConfigurationPlatforms) = preSolution
		Debug|Any CPU = Debug|Any CPU
		Release|Any CPU = Release|Any CPU
	EndGlobalSection
	GlobalSection(ProjectConfigurationPlatforms) = postSolution
		{F232909A-48EC-4E64-9D5D-46734E760ED3}.Debug|Any CPU.ActiveCfg = Debug|Any CPU
		{F232909A-48EC-4E64-9D5D-46734E760ED3}.Debug|Any CPU.Build.0 = Debug|Any CPU
		{F232909A-48EC-4E64-9D5D-46734E760ED3}.Debug|Any CPU.Deploy.0 = Debug|Any CPU
		{F232909A-48EC-4E64-9D5D-46734E760ED3}.Release|Any CPU.ActiveCfg = Release|Any CPU
		{F232909A-48EC-4E64-9D5D-46734E760ED3}.Release|Any CPU.Build.0 = Release|Any CPU
		{F232909A-48EC-4E64-9D5D-46734E760ED3}.Release|Any CPU.Deploy.0 = Release|Any CPU
		{7C9F3223-7B3D-4624-9406-4C76CDEBF6A3}.Debug|Any CPU.ActiveCfg = Debug|Any CPU
		{7C9F3223-7B3D-4624-9406-4C76CDEBF6A3}.Debug|Any CPU.Build.0 = Debug|Any CPU
		{7C9F3223-7B3D-4624-9406-4C76CDEBF6A3}.Debug|Any CPU.Deploy.0 = Debug|Any CPU
		{7C9F3223-7B3D-4624-9406-4C76CDEBF6A3}.Release|Any CPU.ActiveCfg = Release|Any CPU
		{7C9F3223-7B3D-4624-9406-4C76CDEBF6A3}.Release|Any CPU.Build.0 = Release|Any CPU
		{7C9F3223-7B3D-4624-9406-4C76CDEBF6A3}.Release|Any CPU.Deploy.0 = Release|Any CPU
	EndGlobalSection
	GlobalSection(SolutionProperties) = preSolution
		HideSolutionNode = FALSE
	EndGlobalSection
	GlobalSection(NestedProjects) = preSolution
		{7C9F3223-7B3D-4624-9406-4C76CDEBF6A3} = {9AE10DE2-9EDD-4D0C-BF33-FD91AA2DA248}
	EndGlobalSection
EndGlobal
